{
	"name": "@dorfjungs/google-closure-extlib",
	"version": "1.1.17",
	"lockfileVersion": 1,
	"requires": true,
	"dependencies": {
		"google-closure-library": {
			"version": "20190301.0.0",
			"resolved": "https://registry.npmjs.org/google-closure-library/-/google-closure-library-20190301.0.0.tgz",
			"integrity": "sha512-mpeszbnXpRhXZ0sPqUxBgUmk0RtmzrJRy3KFygp0Ih9JuRUjQTCLhwYQeIlK2vB2lShhY/KUo9E1Z1gvxDFxOQ=="
		}
	}
}
